
Microsoft Visual Studio Solution File, Format Version 12.00
# Visual Studio Version 16
VisualStudioVersion = 16.0.29021.104
MinimumVisualStudioVersion = 10.0.40219.1
Project("{2150E333-8FDC-42A3-9474-1A3956D46DE8}") = "src", "src", "{642AC229-72C9-498A-90D5-9BE36260DE7C}"
EndProject
Project("{FAE04EC0-301F-11D3-BF4B-00C04F79EFBC}") = "CronWorks.Abstractions", "src\CronWorks.Abstractions\CronWorks.Abstractions.csproj", "{B74848C8-7C92-4217-A1C1-E7B73BF416DB}"
EndProject
Project("{FAE04EC0-301F-11D3-BF4B-00C04F79EFBC}") = "CronWorks", "src\CronWorks\CronWorks.csproj", "{8E323E4D-88A4-4951-A4FE-46D6FFA700C7}"
EndProject
Global
	GlobalSection(SolutionConfigurationPlatforms) = preSolution
		Debug|Any CPU = Debug|Any CPU
		Release|Any CPU = Release|Any CPU
	EndGlobalSection
	GlobalSection(ProjectConfigurationPlatforms) = postSolution
		{B74848C8-7C92-4217-A1C1-E7B73BF416DB}.Debug|Any CPU.ActiveCfg = Debug|Any CPU
		{B74848C8-7C92-4217-A1C1-E7B73BF416DB}.Debug|Any CPU.Build.0 = Debug|Any CPU
		{B74848C8-7C92-4217-A1C1-E7B73BF416DB}.Release|Any CPU.ActiveCfg = Release|Any CPU
		{B74848C8-7C92-4217-A1C1-E7B73BF416DB}.Release|Any CPU.Build.0 = Release|Any CPU
		{8E323E4D-88A4-4951-A4FE-46D6FFA700C7}.Debug|Any CPU.ActiveCfg = Debug|Any CPU
		{8E323E4D-88A4-4951-A4FE-46D6FFA700C7}.Debug|Any CPU.Build.0 = Debug|Any CPU
		{8E323E4D-88A4-4951-A4FE-46D6FFA700C7}.Release|Any CPU.ActiveCfg = Release|Any CPU
		{8E323E4D-88A4-4951-A4FE-46D6FFA700C7}.Release|Any CPU.Build.0 = Release|Any CPU
	EndGlobalSection
	GlobalSection(SolutionProperties) = preSolution
		HideSolutionNode = FALSE
	EndGlobalSection
	GlobalSection(NestedProjects) = preSolution
		{B74848C8-7C92-4217-A1C1-E7B73BF416DB} = {642AC229-72C9-498A-90D5-9BE36260DE7C}
		{8E323E4D-88A4-4951-A4FE-46D6FFA700C7} = {642AC229-72C9-498A-90D5-9BE36260DE7C}
	EndGlobalSection
	GlobalSection(ExtensibilityGlobals) = postSolution
		SolutionGuid = {C2575AF2-3F3A-4D73-A10F-E4CFECA4A11A}
	EndGlobalSection
EndGlobal
